// !$*UTF8*$!
{
	archiveVersion = 1;
	classes = {
	};
	objectVersion = 48;
	objects = {

/* Begin PBXBuildFile section */
		3611F19E1FBABBCF00A0533D /* AppDelegate.swift in Sources */ = {isa = PBXBuildFile; fileRef = 3611F19D1FBABBCF00A0533D /* AppDelegate.swift */; };
		3611F1A01FBABBCF00A0533D /* ViewController.swift in Sources */ = {isa = PBXBuildFile; fileRef = 3611F19F1FBABBCF00A0533D /* ViewController.swift */; };
		3611F1A31FBABBCF00A0533D /* Main.storyboard in Resources */ = {isa = PBXBuildFile; fileRef = 3611F1A11FBABBCF00A0533D /* Main.storyboard */; };
		3611F1A51FBABBCF00A0533D /* Assets.xcassets in Resources */ = {isa = PBXBuildFile; fileRef = 3611F1A41FBABBCF00A0533D /* Assets.xcassets */; };
		3611F1A81FBABBCF00A0533D /* LaunchScreen.storyboard in Resources */ = {isa = PBXBuildFile; fileRef = 3611F1A61FBABBCF00A0533D /* LaunchScreen.storyboard */; };
		3611F1B31FBABBCF00A0533D /* DemoTests.swift in Sources */ = {isa = PBXBuildFile; fileRef = 3611F1B21FBABBCF00A0533D /* DemoTests.swift */; };
		3611F1BE1FBABBCF00A0533D /* DemoUITests.swift in Sources */ = {isa = PBXBuildFile; fileRef = 3611F1BD1FBABBCF00A0533D /* DemoUITests.swift */; };
/* End PBXBuildFile section */

/* Begin PBXContainerItemProxy section */
		3611F1AF1FBABBCF00A0533D /* PBXContainerItemProxy */ = {
			isa = PBXContainerItemProxy;
			containerPortal = 3611F1921FBABBCE00A0533D /* Project object */;
			proxyType = 1;
			remoteGlobalIDString = 3611F1991FBABBCE00A0533D;
			remoteInfo = Demo;
		};
		3611F1BA1FBABBCF00A0533D /* PBXContainerItemProxy */ = {
			isa = PBXContainerItemProxy;
			containerPortal = 3611F1921FBABBCE00A0533D /* Project object */;
			proxyType = 1;
			remoteGlobalIDString = 3611F1991FBABBCE00A0533D;
			remoteInfo = Demo;
		};
/* End PBXContainerItemProxy section */

/* Begin PBXFileReference section */
		3611F19A1FBABBCF00A0533D /* Demo.app */ = {isa = PBXFileReference; explicitFileType = wrapper.application; includeInIndex = 0; path = Demo.app; sourceTree = BUILT_PRODUCTS_DIR; };
		3611F19D1FBABBCF00A0533D /* AppDelegate.swift */ = {isa = PBXFileReference; lastKnownFileType = sourcecode.swift; path = AppDelegate.swift; sourceTree = "<group>"; };
		3611F19F1FBABBCF00A0533D /* ViewController.swift */ = {isa = PBXFileReference; lastKnownFileType = sourcecode.swift; path = ViewController.swift; sourceTree = "<group>"; };
		3611F1A21FBABBCF00A0533D /* Base */ = {isa = PBXFileReference; lastKnownFileType = file.storyboard; name = Base; path = Base.lproj/Main.storyboard; sourceTree = "<group>"; };
		3611F1A41FBABBCF00A0533D /* Assets.xcassets */ = {isa = PBXFileReference; lastKnownFileType = folder.assetcatalog; path = Assets.xcassets; sourceTree = "<group>"; };
		3611F1A71FBABBCF00A0533D /* Base */ = {isa = PBXFileReference; lastKnownFileType = file.storyboard; name = Base; path = Base.lproj/LaunchScreen.storyboard; sourceTree = "<group>"; };
		3611F1A91FBABBCF00A0533D /* Info.plist */ = {isa = PBXFileReference; lastKnownFileType = text.plist.xml; path = Info.plist; sourceTree = "<group>"; };
		3611F1AE1FBABBCF00A0533D /* DemoTests.xctest */ = {isa = PBXFileReference; explicitFileType = wrapper.cfbundle; includeInIndex = 0; path = DemoTests.xctest; sourceTree = BUILT_PRODUCTS_DIR; };
		3611F1B21FBABBCF00A0533D /* DemoTests.swift */ = {isa = PBXFileReference; lastKnownFileType = sourcecode.swift; path = DemoTests.swift; sourceTree = "<group>"; };
		3611F1B41FBABBCF00A0533D /* Info.plist */ = {isa = PBXFileReference; lastKnownFileType = text.plist.xml; path = Info.plist; sourceTree = "<group>"; };
		3611F1B91FBABBCF00A0533D /* DemoUITests.xctest */ = {isa = PBXFileReference; explicitFileType = wrapper.cfbundle; includeInIndex = 0; path = DemoUITests.xctest; sourceTree = BUILT_PRODUCTS_DIR; };
		3611F1BD1FBABBCF00A0533D /* DemoUITests.swift */ = {isa = PBXFileReference; lastKnownFileType = sourcecode.swift; path = DemoUITests.swift; sourceTree = "<group>"; };
		3611F1BF1FBABBCF00A0533D /* Info.plist */ = {isa = PBXFileReference; lastKnownFileType = text.plist.xml; path = Info.plist; sourceTree = "<group>"; };
/* End PBXFileReference section */

/* Begin PBXFrameworksBuildPhase section */
		3611F1971FBABBCE00A0533D /* Frameworks */ = {
			isa = PBXFrameworksBuildPhase;
			buildActionMask = 2147483647;
			files = (
			);
			runOnlyForDeploymentPostprocessing = 0;
		};
		3611F1AB1FBABBCF00A0533D /* Frameworks */ = {
			isa = PBXFrameworksBuildPhase;
			buildActionMask = 2147483647;
			files = (
			);
			runOnlyForDeploymentPostprocessing = 0;
		};
		3611F1B61FBABBCF00A0533D /* Frameworks */ = {
			isa = PBXFrameworksBuildPhase;
			buildActionMask = 2147483647;
			files = (
			);
			runOnlyForDeploymentPostprocessing = 0;
		};
/* End PBXFrameworksBuildPhase section */

/* Begin PBXGroup section */
		3611F1911FBABBCE00A0533D = {
			isa = PBXGroup;
			children = (
				3611F19C1FBABBCF00A0533D /* Demo */,
				3611F1B11FBABBCF00A0533D /* DemoTests */,
				3611F1BC1FBABBCF00A0533D /* DemoUITests */,
				3611F19B1FBABBCF00A0533D /* Products */,
			);
			sourceTree = "<group>";
		};
		3611F19B1FBABBCF00A0533D /* Products */ = {
			isa = PBXGroup;
			children = (
				3611F19A1FBABBCF00A0533D /* Demo.app */,
				3611F1AE1FBABBCF00A0533D /* DemoTests.xctest */,
				3611F1B91FBABBCF00A0533D /* DemoUITests.xctest */,
			);
			name = Products;
			sourceTree = "<group>";
		};
		3611F19C1FBABBCF00A0533D /* Demo */ = {
			isa = PBXGroup;
			children = (
				3611F19D1FBABBCF00A0533D /* AppDelegate.swift */,
				3611F19F1FBABBCF00A0533D /* ViewController.swift */,
				3611F1A11FBABBCF00A0533D /* Main.storyboard */,
				3611F1A41FBABBCF00A0533D /* Assets.xcassets */,
				3611F1A61FBABBCF00A0533D /* LaunchScreen.storyboard */,
				3611F1A91FBABBCF00A0533D /* Info.plist */,
			);
			path = Demo;
			sourceTree = "<group>";
		};
		3611F1B11FBABBCF00A0533D /* DemoTests */ = {
			isa = PBXGroup;
			children = (
				3611F1B21FBABBCF00A0533D /* DemoTests.swift */,
				3611F1B41FBABBCF00A0533D /* Info.plist */,
			);
			path = DemoTests;
			sourceTree = "<group>";
		};
		3611F1BC1FBABBCF00A0533D /* DemoUITests */ = {
			isa = PBXGroup;
			children = (
				3611F1BD1FBABBCF00A0533D /* DemoUITests.swift */,
				3611F1BF1FBABBCF00A0533D /* Info.plist */,
			);
			path = DemoUITests;
			sourceTree = "<group>";
		};
/* End PBXGroup section */

/* Begin PBXNativeTarget section */
		3611F1991FBABBCE00A0533D /* Demo */ = {
			isa = PBXNativeTarget;
			buildConfigurationList = 3611F1C21FBABBCF00A0533D /* Build configuration list for PBXNativeTarget "Demo" */;
			buildPhases = (
				3611F1961FBABBCE00A0533D /* Sources */,
				3611F1971FBABBCE00A0533D /* Frameworks */,
				3611F1981FBABBCE00A0533D /* Resources */,
			);
			buildRules = (
			);
			dependencies = (
			);
			name = Demo;
			productName = Demo;
			productReference = 3611F19A1FBABBCF00A0533D /* Demo.app */;
			productType = "com.apple.product-type.application";
		};
		3611F1AD1FBABBCF00A0533D /* DemoTests */ = {
			isa = PBXNativeTarget;
			buildConfigurationList = 3611F1C51FBABBCF00A0533D /* Build configuration list for PBXNativeTarget "DemoTests" */;
			buildPhases = (
				3611F1AA1FBABBCF00A0533D /* Sources */,
				3611F1AB1FBABBCF00A0533D /* Frameworks */,
				3611F1AC1FBABBCF00A0533D /* Resources */,
			);
			buildRules = (
			);
			dependencies = (
				3611F1B01FBABBCF00A0533D /* PBXTargetDependency */,
			);
			name = DemoTests;
			productName = DemoTests;
			productReference = 3611F1AE1FBABBCF00A0533D /* DemoTests.xctest */;
			productType = "com.apple.product-type.bundle.unit-test";
		};
		3611F1B81FBABBCF00A0533D /* DemoUITests */ = {
			isa = PBXNativeTarget;
			buildConfigurationList = 3611F1C81FBABBCF00A0533D /* Build configuration list for PBXNativeTarget "DemoUITests" */;
			buildPhases = (
				3611F1B51FBABBCF00A0533D /* Sources */,
				3611F1B61FBABBCF00A0533D /* Frameworks */,
				3611F1B71FBABBCF00A0533D /* Resources */,
			);
			buildRules = (
			);
			dependencies = (
				3611F1BB1FBABBCF00A0533D /* PBXTargetDependency */,
			);
			name = DemoUITests;
			productName = DemoUITests;
			productReference = 3611F1B91FBABBCF00A0533D /* DemoUITests.xctest */;
			productType = "com.apple.product-type.bundle.ui-testing";
		};
/* End PBXNativeTarget section */

/* Begin PBXProject section */
		3611F1921FBABBCE00A0533D /* Project object */ = {
			isa = PBXProject;
			attributes = {
				LastSwiftUpdateCheck = 0910;
				LastUpgradeCheck = 0910;
				ORGANIZATIONNAME = "Nazmus Saadat";
				TargetAttributes = {
					3611F1991FBABBCE00A0533D = {
						CreatedOnToolsVersion = 9.1;
						ProvisioningStyle = Automatic;
					};
					3611F1AD1FBABBCF00A0533D = {
						CreatedOnToolsVersion = 9.1;
						ProvisioningStyle = Automatic;
						TestTargetID = 3611F1991FBABBCE00A0533D;
					};
					3611F1B81FBABBCF00A0533D = {
						CreatedOnToolsVersion = 9.1;
						ProvisioningStyle = Automatic;
						TestTargetID = 3611F1991FBABBCE00A0533D;
					};
				};
			};
			buildConfigurationList = 3611F1951FBABBCE00A0533D /* Build configuration list for PBXProject "Demo" */;
			compatibilityVersion = "Xcode 8.0";
			developmentRegion = en;
			hasScannedForEncodings = 0;
			knownRegions = (
				en,
				Base,
			);
			mainGroup = 3611F1911FBABBCE00A0533D;
			productRefGroup = 3611F19B1FBABBCF00A0533D /* Products */;
			projectDirPath = "";
			projectRoot = "";
			targets = (
				3611F1991FBABBCE00A0533D /* Demo */,
				3611F1AD1FBABBCF00A0533D /* DemoTests */,
				3611F1B81FBABBCF00A0533D /* DemoUITests */,
			);
		};
/* End PBXProject section */

/* Begin PBXResourcesBuildPhase section */
		3611F1981FBABBCE00A0533D /* Resources */ = {
			isa = PBXResourcesBuildPhase;
			buildActionMask = 2147483647;
			files = (
				3611F1A81FBABBCF00A0533D /* LaunchScreen.storyboard in Resources */,
				3611F1A51FBABBCF00A0533D /* Assets.xcassets in Resources */,
				3611F1A31FBABBCF00A0533D /* Main.storyboard in Resources */,
			);
			runOnlyForDeploymentPostprocessing = 0;
		};
		3611F1AC1FBABBCF00A0533D /* Resources */ = {
			isa = PBXResourcesBuildPhase;
			buildActionMask = 2147483647;
			files = (
			);
			runOnlyForDeploymentPostprocessing = 0;
		};
		3611F1B71FBABBCF00A0533D /* Resources */ = {
			isa = PBXResourcesBuildPhase;
			buildActionMask = 2147483647;
			files = (
			);
			runOnlyForDeploymentPostprocessing = 0;
		};
/* End PBXResourcesBuildPhase section */

/* Begin PBXSourcesBuildPhase section */
		3611F1961FBABBCE00A0533D /* Sources */ = {
			isa = PBXSourcesBuildPhase;
			buildActionMask = 2147483647;
			files = (
				3611F1A01FBABBCF00A0533D /* ViewController.swift in Sources */,
				3611F19E1FBABBCF00A0533D /* AppDelegate.swift in Sources */,
			);
			runOnlyForDeploymentPostprocessing = 0;
		};
		3611F1AA1FBABBCF00A0533D /* Sources */ = {
			isa = PBXSourcesBuildPhase;
			buildActionMask = 2147483647;
			files = (
				3611F1B31FBABBCF00A0533D /* DemoTests.swift in Sources */,
			);
			runOnlyForDeploymentPostprocessing = 0;
		};
		3611F1B51FBABBCF00A0533D /* Sources */ = {
			isa = PBXSourcesBuildPhase;
			buildActionMask = 2147483647;
			files = (
				3611F1BE1FBABBCF00A0533D /* DemoUITests.swift in Sources */,
			);
			runOnlyForDeploymentPostprocessing = 0;
		};
/* End PBXSourcesBuildPhase section */

/* Begin PBXTargetDependency section */
		3611F1B01FBABBCF00A0533D /* PBXTargetDependency */ = {
			isa = PBXTargetDependency;
			target = 3611F1991FBABBCE00A0533D /* Demo */;
			targetProxy = 3611F1AF1FBABBCF00A0533D /* PBXContainerItemProxy */;
		};
		3611F1BB1FBABBCF00A0533D /* PBXTargetDependency */ = {
			isa = PBXTargetDependency;
			target = 3611F1991FBABBCE00A0533D /* Demo */;
			targetProxy = 3611F1BA1FBABBCF00A0533D /* PBXContainerItemProxy */;
		};
/* End PBXTargetDependency section */

/* Begin PBXVariantGroup section */
		3611F1A11FBABBCF00A0533D /* Main.storyboard */ = {
			isa = PBXVariantGroup;
			children = (
				3611F1A21FBABBCF00A0533D /* Base */,
			);
			name = Main.storyboard;
			sourceTree = "<group>";
		};
		3611F1A61FBABBCF00A0533D /* LaunchScreen.storyboard */ = {
			isa = PBXVariantGroup;
			children = (
				3611F1A71FBABBCF00A0533D /* Base */,
			);
			name = LaunchScreen.storyboard;
			sourceTree = "<group>";
		};
/* End PBXVariantGroup section */

/* Begin XCBuildConfiguration section */
		3611F1C01FBABBCF00A0533D /* Debug */ = {
			isa = XCBuildConfiguration;
			buildSettings = {
				ALWAYS_SEARCH_USER_PATHS = NO;
				CLANG_ANALYZER_NONNULL = YES;
				CLANG_ANALYZER_NUMBER_OBJECT_CONVERSION = YES_AGGRESSIVE;
				CLANG_CXX_LANGUAGE_STANDARD = "gnu++14";
				CLANG_CXX_LIBRARY = "libc++";
				CLANG_ENABLE_MODULES = YES;
				CLANG_ENABLE_OBJC_ARC = YES;
				CLANG_WARN_BLOCK_CAPTURE_AUTORELEASING = YES;
				CLANG_WARN_BOOL_CONVERSION = YES;
				CLANG_WARN_COMMA = YES;
				CLANG_WARN_CONSTANT_CONVERSION = YES;
				CLANG_WARN_DIRECT_OBJC_ISA_USAGE = YES_ERROR;
				CLANG_WARN_DOCUMENTATION_COMMENTS = YES;
				CLANG_WARN_EMPTY_BODY = YES;
				CLANG_WARN_ENUM_CONVERSION = YES;
				CLANG_WARN_INFINITE_RECURSION = YES;
				CLANG_WARN_INT_CONVERSION = YES;
				CLANG_WARN_NON_LITERAL_NULL_CONVERSION = YES;
				CLANG_WARN_OBJC_LITERAL_CONVERSION = YES;
				CLANG_WARN_OBJC_ROOT_CLASS = YES_ERROR;
				CLANG_WARN_RANGE_LOOP_ANALYSIS = YES;
				CLANG_WARN_STRICT_PROTOTYPES = YES;
				CLANG_WARN_SUSPICIOUS_MOVE = YES;
				CLANG_WARN_UNGUARDED_AVAILABILITY = YES_AGGRESSIVE;
				CLANG_WARN_UNREACHABLE_CODE = YES;
				CLANG_WARN__DUPLICATE_METHOD_MATCH = YES;
				CODE_SIGN_IDENTITY = "iPhone Developer";
				COPY_PHASE_STRIP = NO;
				DEBUG_INFORMATION_FORMAT = dwarf;
				ENABLE_STRICT_OBJC_MSGSEND = YES;
				ENABLE_TESTABILITY = YES;
				GCC_C_LANGUAGE_STANDARD = gnu11;
				GCC_DYNAMIC_NO_PIC = NO;
				GCC_NO_COMMON_BLOCKS = YES;
				GCC_OPTIMIZATION_LEVEL = 0;
				GCC_PREPROCESSOR_DEFINITIONS = (
					"DEBUG=1",
					"$(inherited)",
				);
				GCC_WARN_64_TO_32_BIT_CONVERSION = YES;
				GCC_WARN_ABOUT_RETURN_TYPE = YES_ERROR;
				GCC_WARN_UNDECLARED_SELECTOR = YES;
				GCC_WARN_UNINITIALIZED_AUTOS = YES_AGGRESSIVE;
				GCC_WARN_UNUSED_FUNCTION = YES;
				GCC_WARN_UNUSED_VARIABLE = YES;
				IPHONEOS_DEPLOYMENT_TARGET = 11.1;
				MTL_ENABLE_DEBUG_INFO = YES;
				ONLY_ACTIVE_ARCH = YES;
				SDKROOT = iphoneos;
				SWIFT_ACTIVE_COMPILATION_CONDITIONS = DEBUG;
				SWIFT_OPTIMIZATION_LEVEL = "-Onone";
			};
			name = Debug;
		};
		3611F1C11FBABBCF00A0533D /* Release */ = {
			isa = XCBuildConfiguration;
			buildSettings = {
				ALWAYS_SEARCH_USER_PATHS = NO;
				CLANG_ANALYZER_NONNULL = YES;
				CLANG_ANALYZER_NUMBER_OBJECT_CONVERSION = YES_AGGRESSIVE;
				CLANG_CXX_LANGUAGE_STANDARD = "gnu++14";
				CLANG_CXX_LIBRARY = "libc++";
				CLANG_ENABLE_MODULES = YES;
				CLANG_ENABLE_OBJC_ARC = YES;
				CLANG_WARN_BLOCK_CAPTURE_AUTORELEASING = YES;
				CLANG_WARN_BOOL_CONVERSION = YES;
				CLANG_WARN_COMMA = YES;
				CLANG_WARN_CONSTANT_CONVERSION = YES;
				CLANG_WARN_DIRECT_OBJC_ISA_USAGE = YES_ERROR;
				CLANG_WARN_DOCUMENTATION_COMMENTS = YES;
				CLANG_WARN_EMPTY_BODY = YES;
				CLANG_WARN_ENUM_CONVERSION = YES;
				CLANG_WARN_INFINITE_RECURSION = YES;
				CLANG_WARN_INT_CONVERSION = YES;
				CLANG_WARN_NON_LITERAL_NULL_CONVERSION = YES;
				CLANG_WARN_OBJC_LITERAL_CONVERSION = YES;
				CLANG_WARN_OBJC_ROOT_CLASS = YES_ERROR;
				CLANG_WARN_RANGE_LOOP_ANALYSIS = YES;
				CLANG_WARN_STRICT_PROTOTYPES = YES;
				CLANG_WARN_SUSPICIOUS_MOVE = YES;
				CLANG_WARN_UNGUARDED_AVAILABILITY = YES_AGGRESSIVE;
				CLANG_WARN_UNREACHABLE_CODE = YES;
				CLANG_WARN__DUPLICATE_METHOD_MATCH = YES;
				CODE_SIGN_IDENTITY = "iPhone Developer";
				COPY_PHASE_STRIP = NO;
				DEBUG_INFORMATION_FORMAT = "dwarf-with-dsym";
				ENABLE_NS_ASSERTIONS = NO;
				ENABLE_STRICT_OBJC_MSGSEND = YES;
				GCC_C_LANGUAGE_STANDARD = gnu11;
				GCC_NO_COMMON_BLOCKS = YES;
				GCC_WARN_64_TO_32_BIT_CONVERSION = YES;
				GCC_WARN_ABOUT_RETURN_TYPE = YES_ERROR;
				GCC_WARN_UNDECLARED_SELECTOR = YES;
				GCC_WARN_UNINITIALIZED_AUTOS = YES_AGGRESSIVE;
				GCC_WARN_UNUSED_FUNCTION = YES;
				GCC_WARN_UNUSED_VARIABLE = YES;
				IPHONEOS_DEPLOYMENT_TARGET = 11.1;
				MTL_ENABLE_DEBUG_INFO = NO;
				SDKROOT = iphoneos;
				SWIFT_OPTIMIZATION_LEVEL = "-Owholemodule";
				VALIDATE_PRODUCT = YES;
			};
			name = Release;
		};
		3611F1C31FBABBCF00A0533D /* Debug */ = {
			isa = XCBuildConfiguration;
			buildSettings = {
				ASSETCATALOG_COMPILER_APPICON_NAME = AppIcon;
				CODE_SIGN_STYLE = Automatic;
				INFOPLIST_FILE = Demo/Info.plist;
				LD_RUNPATH_SEARCH_PATHS = "$(inherited) @executable_path/Frameworks";
				PRODUCT_BUNDLE_IDENTIFIER = xyz.nuhin13.Demo;
				PRODUCT_NAME = "$(TARGET_NAME)";
				SWIFT_VERSION = 4.0;
				TARGETED_DEVICE_FAMILY = "1,2";
			};
			name = Debug;
		};
		3611F1C41FBABBCF00A0533D /* Release */ = {
			isa = XCBuildConfiguration;
			buildSettings = {
				ASSETCATALOG_COMPILER_APPICON_NAME = AppIcon;
				CODE_SIGN_STYLE = Automatic;
				INFOPLIST_FILE = Demo/Info.plist;
				LD_RUNPATH_SEARCH_PATHS = "$(inherited) @executable_path/Frameworks";
				PRODUCT_BUNDLE_IDENTIFIER = xyz.nuhin13.Demo;
				PRODUCT_NAME = "$(TARGET_NAME)";
				SWIFT_VERSION = 4.0;
				TARGETED_DEVICE_FAMILY = "1,2";
			};
			name = Release;
		};
		3611F1C61FBABBCF00A0533D /* Debug */ = {
			isa = XCBuildConfiguration;
			buildSettings = {
				ALWAYS_EMBED_SWIFT_STANDARD_LIBRARIES = YES;
				BUNDLE_LOADER = "$(TEST_HOST)";
				CODE_SIGN_STYLE = Automatic;
				INFOPLIST_FILE = DemoTests/Info.plist;
				LD_RUNPATH_SEARCH_PATHS = "$(inherited) @executable_path/Frameworks @loader_path/Frameworks";
				PRODUCT_BUNDLE_IDENTIFIER = xyz.nuhin13.DemoTests;
				PRODUCT_NAME = "$(TARGET_NAME)";
				SWIFT_VERSION = 4.0;
				TARGETED_DEVICE_FAMILY = "1,2";
				TEST_HOST = "$(BUILT_PRODUCTS_DIR)/Demo.app/Demo";
			};
			name = Debug;
		};
		3611F1C71FBABBCF00A0533D /* Release */ = {
			isa = XCBuildConfiguration;
			buildSettings = {
				ALWAYS_EMBED_SWIFT_STANDARD_LIBRARIES = YES;
				BUNDLE_LOADER = "$(TEST_HOST)";
				CODE_SIGN_STYLE = Automatic;
				INFOPLIST_FILE = DemoTests/Info.plist;
				LD_RUNPATH_SEARCH_PATHS = "$(inherited) @executable_path/Frameworks @loader_path/Frameworks";
				PRODUCT_BUNDLE_IDENTIFIER = xyz.nuhin13.DemoTests;
				PRODUCT_NAME = "$(TARGET_NAME)";
				SWIFT_VERSION = 4.0;
				TARGETED_DEVICE_FAMILY = "1,2";
				TEST_HOST = "$(BUILT_PRODUCTS_DIR)/Demo.app/Demo";
			};
			name = Release;
		};
		3611F1C91FBABBCF00A0533D /* Debug */ = {
			isa = XCBuildConfiguration;
			buildSettings = {
				ALWAYS_EMBED_SWIFT_STANDARD_LIBRARIES = YES;
				CODE_SIGN_STYLE = Automatic;
				INFOPLIST_FILE = DemoUITests/Info.plist;
				LD_RUNPATH_SEARCH_PATHS = "$(inherited) @executable_path/Frameworks @loader_path/Frameworks";
				PRODUCT_BUNDLE_IDENTIFIER = xyz.nuhin13.DemoUITests;
				PRODUCT_NAME = "$(TARGET_NAME)";
				SWIFT_VERSION = 4.0;
				TARGETED_DEVICE_FAMILY = "1,2";
				TEST_TARGET_NAME = Demo;
			};
			name = Debug;
		};
		3611F1CA1FBABBCF00A0533D /* Release */ = {
			isa = XCBuildConfiguration;
			buildSettings = {
				ALWAYS_EMBED_SWIFT_STANDARD_LIBRARIES = YES;
				CODE_SIGN_STYLE = Automatic;
				INFOPLIST_FILE = DemoUITests/Info.plist;
				LD_RUNPATH_SEARCH_PATHS = "$(inherited) @executable_path/Frameworks @loader_path/Frameworks";
				PRODUCT_BUNDLE_IDENTIFIER = xyz.nuhin13.DemoUITests;
				PRODUCT_NAME = "$(TARGET_NAME)";
				SWIFT_VERSION = 4.0;
				TARGETED_DEVICE_FAMILY = "1,2";
				TEST_TARGET_NAME = Demo;
			};
			name = Release;
		};
/* End XCBuildConfiguration section */

/* Begin XCConfigurationList section */
		3611F1951FBABBCE00A0533D /* Build configuration list for PBXProject "Demo" */ = {
			isa = XCConfigurationList;
			buildConfigurations = (
				3611F1C01FBABBCF00A0533D /* Debug */,
				3611F1C11FBABBCF00A0533D /* Release */,
			);
			defaultConfigurationIsVisible = 0;
			defaultConfigurationName = Release;
		};
		3611F1C21FBABBCF00A0533D /* Build configuration list for PBXNativeTarget "Demo" */ = {
			isa = XCConfigurationList;
			buildConfigurations = (
				3611F1C31FBABBCF00A0533D /* Debug */,
				3611F1C41FBABBCF00A0533D /* Release */,
			);
			defaultConfigurationIsVisible = 0;
			defaultConfigurationName = Release;
		};
		3611F1C51FBABBCF00A0533D /* Build configuration list for PBXNativeTarget "DemoTests" */ = {
			isa = XCConfigurationList;
			buildConfigurations = (
				3611F1C61FBABBCF00A0533D /* Debug */,
				3611F1C71FBABBCF00A0533D /* Release */,
			);
			defaultConfigurationIsVisible = 0;
			defaultConfigurationName = Release;
		};
		3611F1C81FBABBCF00A0533D /* Build configuration list for PBXNativeTarget "DemoUITests" */ = {
			isa = XCConfigurationList;
			buildConfigurations = (
				3611F1C91FBABBCF00A0533D /* Debug */,
				3611F1CA1FBABBCF00A0533D /* Release */,
			);
			defaultConfigurationIsVisible = 0;
			defaultConfigurationName = Release;
		};
/* End XCConfigurationList section */
	};
	rootObject = 3611F1921FBABBCE00A0533D /* Project object */;
}
